
Microsoft Visual Studio Solution File, Format Version 12.00
# Visual Studio Version 16
VisualStudioVersion = 16.0.31025.194
MinimumVisualStudioVersion = 10.0.40219.1
Project("{FAE04EC0-301F-11D3-BF4B-00C04F79EFBC}") = "ei.si-worksheet6-ex2.1", "ei.si-worksheet6-ex2.1\ei.si-worksheet6-ex2.1.csproj", "{5EF4055D-0A2E-42CE-A3A1-2BD3E6558762}"
EndProject
Global
	GlobalSection(SolutionConfigurationPlatforms) = preSolution
		Debug|Any CPU = Debug|Any CPU
		Release|Any CPU = Release|Any CPU
	EndGlobalSection
	GlobalSection(ProjectConfigurationPlatforms) = postSolution
		{5EF4055D-0A2E-42CE-A3A1-2BD3E6558762}.Debug|Any CPU.ActiveCfg = Debug|Any CPU
		{5EF4055D-0A2E-42CE-A3A1-2BD3E6558762}.Debug|Any CPU.Build.0 = Debug|Any CPU
		{5EF4055D-0A2E-42CE-A3A1-2BD3E6558762}.Release|Any CPU.ActiveCfg = Release|Any CPU
		{5EF4055D-0A2E-42CE-A3A1-2BD3E6558762}.Release|Any CPU.Build.0 = Release|Any CPU
	EndGlobalSection
	GlobalSection(SolutionProperties) = preSolution
		HideSolutionNode = FALSE
	EndGlobalSection
	GlobalSection(ExtensibilityGlobals) = postSolution
		SolutionGuid = {93906C47-64C8-4570-9901-363B4F0718CD}
	EndGlobalSection
EndGlobal
