
Microsoft Visual Studio Solution File, Format Version 12.00
# Visual Studio Version 16
VisualStudioVersion = 16.0.31025.194
MinimumVisualStudioVersion = 10.0.40219.1
Project("{FAE04EC0-301F-11D3-BF4B-00C04F79EFBC}") = "Consulta_TestePratico_1", "Consulta_TestePratico_1\Consulta_TestePratico_1.csproj", "{0C76093F-4E0A-4BCE-BA40-307DA84A9388}"
EndProject
Global
	GlobalSection(SolutionConfigurationPlatforms) = preSolution
		Debug|Any CPU = Debug|Any CPU
		Release|Any CPU = Release|Any CPU
	EndGlobalSection
	GlobalSection(ProjectConfigurationPlatforms) = postSolution
		{0C76093F-4E0A-4BCE-BA40-307DA84A9388}.Debug|Any CPU.ActiveCfg = Debug|Any CPU
		{0C76093F-4E0A-4BCE-BA40-307DA84A9388}.Debug|Any CPU.Build.0 = Debug|Any CPU
		{0C76093F-4E0A-4BCE-BA40-307DA84A9388}.Release|Any CPU.ActiveCfg = Release|Any CPU
		{0C76093F-4E0A-4BCE-BA40-307DA84A9388}.Release|Any CPU.Build.0 = Release|Any CPU
	EndGlobalSection
	GlobalSection(SolutionProperties) = preSolution
		HideSolutionNode = FALSE
	EndGlobalSection
	GlobalSection(ExtensibilityGlobals) = postSolution
		SolutionGuid = {177F54AC-0B07-4A6C-895A-1119E02DAB1E}
	EndGlobalSection
EndGlobal
